
Microsoft Visual Studio Solution File, Format Version 12.00
# Visual Studio Version 17
VisualStudioVersion = 17.0.31903.59
MinimumVisualStudioVersion = 10.0.40219.1
Project("{FAE04EC0-301F-11D3-BF4B-00C04F79EFBC}") = "RaceCondition1Broken", "RaceConditionBroken\RaceCondition1Broken.csproj", "{A8428AB6-4062-47F0-A6BB-C7356AC757B3}"
EndProject
Project("{FAE04EC0-301F-11D3-BF4B-00C04F79EFBC}") = "RaceCondition2WithLock", "RaceConditionWithLock\RaceCondition2WithLock.csproj", "{66962596-E454-44E8-92FE-3916E0B68897}"
EndProject
Project("{FAE04EC0-301F-11D3-BF4B-00C04F79EFBC}") = "RaceCondition3WithInterlocked", "RaceConditionWithInterlocked\RaceCondition3WithInterlocked.csproj", "{1CD3A6F3-127E-4AA0-A824-B2BC1FE2079C}"
EndProject
Project("{FAE04EC0-301F-11D3-BF4B-00C04F79EFBC}") = "RaceCondition4Timed", "RaceConditionTimed\RaceCondition4Timed.csproj", "{5E5FD137-A7E0-4506-9BA2-6C63217093BE}"
EndProject
Project("{FAE04EC0-301F-11D3-BF4B-00C04F79EFBC}") = "RaceCondition5NoRace", "RaceCondition5NoRace\RaceCondition5NoRace.csproj", "{698D2450-8257-4315-8982-8412C8E434A1}"
EndProject
Project("{FAE04EC0-301F-11D3-BF4B-00C04F79EFBC}") = "DeadLock1Broken", "DeadLock1Broken\DeadLock1Broken.csproj", "{7974D525-A1C3-4AC1-AADC-C584A4371C65}"
EndProject
Project("{FAE04EC0-301F-11D3-BF4B-00C04F79EFBC}") = "Ab4d.SharpEngine.Samples.Maui", "BouncingBallsDemo\Ab4d.SharpEngine.Samples.Maui.csproj", "{6B2BBB44-5BD7-0123-7123-F385923C32B5}"
EndProject
Global
	GlobalSection(SolutionConfigurationPlatforms) = preSolution
		Debug|Any CPU = Debug|Any CPU
		Debug|x64 = Debug|x64
		Debug|x86 = Debug|x86
		Release|Any CPU = Release|Any CPU
		Release|x64 = Release|x64
		Release|x86 = Release|x86
	EndGlobalSection
	GlobalSection(ProjectConfigurationPlatforms) = postSolution
		{A8428AB6-4062-47F0-A6BB-C7356AC757B3}.Debug|Any CPU.ActiveCfg = Debug|Any CPU
		{A8428AB6-4062-47F0-A6BB-C7356AC757B3}.Debug|Any CPU.Build.0 = Debug|Any CPU
		{A8428AB6-4062-47F0-A6BB-C7356AC757B3}.Debug|x64.ActiveCfg = Debug|Any CPU
		{A8428AB6-4062-47F0-A6BB-C7356AC757B3}.Debug|x64.Build.0 = Debug|Any CPU
		{A8428AB6-4062-47F0-A6BB-C7356AC757B3}.Debug|x86.ActiveCfg = Debug|Any CPU
		{A8428AB6-4062-47F0-A6BB-C7356AC757B3}.Debug|x86.Build.0 = Debug|Any CPU
		{A8428AB6-4062-47F0-A6BB-C7356AC757B3}.Release|Any CPU.ActiveCfg = Release|Any CPU
		{A8428AB6-4062-47F0-A6BB-C7356AC757B3}.Release|Any CPU.Build.0 = Release|Any CPU
		{A8428AB6-4062-47F0-A6BB-C7356AC757B3}.Release|x64.ActiveCfg = Release|Any CPU
		{A8428AB6-4062-47F0-A6BB-C7356AC757B3}.Release|x64.Build.0 = Release|Any CPU
		{A8428AB6-4062-47F0-A6BB-C7356AC757B3}.Release|x86.ActiveCfg = Release|Any CPU
		{A8428AB6-4062-47F0-A6BB-C7356AC757B3}.Release|x86.Build.0 = Release|Any CPU
		{66962596-E454-44E8-92FE-3916E0B68897}.Debug|Any CPU.ActiveCfg = Debug|Any CPU
		{66962596-E454-44E8-92FE-3916E0B68897}.Debug|Any CPU.Build.0 = Debug|Any CPU
		{66962596-E454-44E8-92FE-3916E0B68897}.Debug|x64.ActiveCfg = Debug|Any CPU
		{66962596-E454-44E8-92FE-3916E0B68897}.Debug|x64.Build.0 = Debug|Any CPU
		{66962596-E454-44E8-92FE-3916E0B68897}.Debug|x86.ActiveCfg = Debug|Any CPU
		{66962596-E454-44E8-92FE-3916E0B68897}.Debug|x86.Build.0 = Debug|Any CPU
		{66962596-E454-44E8-92FE-3916E0B68897}.Release|Any CPU.ActiveCfg = Release|Any CPU
		{66962596-E454-44E8-92FE-3916E0B68897}.Release|Any CPU.Build.0 = Release|Any CPU
		{66962596-E454-44E8-92FE-3916E0B68897}.Release|x64.ActiveCfg = Release|Any CPU
		{66962596-E454-44E8-92FE-3916E0B68897}.Release|x64.Build.0 = Release|Any CPU
		{66962596-E454-44E8-92FE-3916E0B68897}.Release|x86.ActiveCfg = Release|Any CPU
		{66962596-E454-44E8-92FE-3916E0B68897}.Release|x86.Build.0 = Release|Any CPU
		{1CD3A6F3-127E-4AA0-A824-B2BC1FE2079C}.Debug|Any CPU.ActiveCfg = Debug|Any CPU
		{1CD3A6F3-127E-4AA0-A824-B2BC1FE2079C}.Debug|Any CPU.Build.0 = Debug|Any CPU
		{1CD3A6F3-127E-4AA0-A824-B2BC1FE2079C}.Debug|x64.ActiveCfg = Debug|Any CPU
		{1CD3A6F3-127E-4AA0-A824-B2BC1FE2079C}.Debug|x64.Build.0 = Debug|Any CPU
		{1CD3A6F3-127E-4AA0-A824-B2BC1FE2079C}.Debug|x86.ActiveCfg = Debug|Any CPU
		{1CD3A6F3-127E-4AA0-A824-B2BC1FE2079C}.Debug|x86.Build.0 = Debug|Any CPU
		{1CD3A6F3-127E-4AA0-A824-B2BC1FE2079C}.Release|Any CPU.ActiveCfg = Release|Any CPU
		{1CD3A6F3-127E-4AA0-A824-B2BC1FE2079C}.Release|Any CPU.Build.0 = Release|Any CPU
		{1CD3A6F3-127E-4AA0-A824-B2BC1FE2079C}.Release|x64.ActiveCfg = Release|Any CPU
		{1CD3A6F3-127E-4AA0-A824-B2BC1FE2079C}.Release|x64.Build.0 = Release|Any CPU
		{1CD3A6F3-127E-4AA0-A824-B2BC1FE2079C}.Release|x86.ActiveCfg = Release|Any CPU
		{1CD3A6F3-127E-4AA0-A824-B2BC1FE2079C}.Release|x86.Build.0 = Release|Any CPU
		{5E5FD137-A7E0-4506-9BA2-6C63217093BE}.Debug|Any CPU.ActiveCfg = Debug|Any CPU
		{5E5FD137-A7E0-4506-9BA2-6C63217093BE}.Debug|Any CPU.Build.0 = Debug|Any CPU
		{5E5FD137-A7E0-4506-9BA2-6C63217093BE}.Debug|x64.ActiveCfg = Debug|Any CPU
		{5E5FD137-A7E0-4506-9BA2-6C63217093BE}.Debug|x64.Build.0 = Debug|Any CPU
		{5E5FD137-A7E0-4506-9BA2-6C63217093BE}.Debug|x86.ActiveCfg = Debug|Any CPU
		{5E5FD137-A7E0-4506-9BA2-6C63217093BE}.Debug|x86.Build.0 = Debug|Any CPU
		{5E5FD137-A7E0-4506-9BA2-6C63217093BE}.Release|Any CPU.ActiveCfg = Release|Any CPU
		{5E5FD137-A7E0-4506-9BA2-6C63217093BE}.Release|Any CPU.Build.0 = Release|Any CPU
		{5E5FD137-A7E0-4506-9BA2-6C63217093BE}.Release|x64.ActiveCfg = Release|Any CPU
		{5E5FD137-A7E0-4506-9BA2-6C63217093BE}.Release|x64.Build.0 = Release|Any CPU
		{5E5FD137-A7E0-4506-9BA2-6C63217093BE}.Release|x86.ActiveCfg = Release|Any CPU
		{5E5FD137-A7E0-4506-9BA2-6C63217093BE}.Release|x86.Build.0 = Release|Any CPU
		{698D2450-8257-4315-8982-8412C8E434A1}.Debug|Any CPU.ActiveCfg = Debug|Any CPU
		{698D2450-8257-4315-8982-8412C8E434A1}.Debug|Any CPU.Build.0 = Debug|Any CPU
		{698D2450-8257-4315-8982-8412C8E434A1}.Debug|x64.ActiveCfg = Debug|Any CPU
		{698D2450-8257-4315-8982-8412C8E434A1}.Debug|x64.Build.0 = Debug|Any CPU
		{698D2450-8257-4315-8982-8412C8E434A1}.Debug|x86.ActiveCfg = Debug|Any CPU
		{698D2450-8257-4315-8982-8412C8E434A1}.Debug|x86.Build.0 = Debug|Any CPU
		{698D2450-8257-4315-8982-8412C8E434A1}.Release|Any CPU.ActiveCfg = Release|Any CPU
		{698D2450-8257-4315-8982-8412C8E434A1}.Release|Any CPU.Build.0 = Release|Any CPU
		{698D2450-8257-4315-8982-8412C8E434A1}.Release|x64.ActiveCfg = Release|Any CPU
		{698D2450-8257-4315-8982-8412C8E434A1}.Release|x64.Build.0 = Release|Any CPU
		{698D2450-8257-4315-8982-8412C8E434A1}.Release|x86.ActiveCfg = Release|Any CPU
		{698D2450-8257-4315-8982-8412C8E434A1}.Release|x86.Build.0 = Release|Any CPU
		{7974D525-A1C3-4AC1-AADC-C584A4371C65}.Debug|Any CPU.ActiveCfg = Debug|Any CPU
		{7974D525-A1C3-4AC1-AADC-C584A4371C65}.Debug|Any CPU.Build.0 = Debug|Any CPU
		{7974D525-A1C3-4AC1-AADC-C584A4371C65}.Debug|x64.ActiveCfg = Debug|Any CPU
		{7974D525-A1C3-4AC1-AADC-C584A4371C65}.Debug|x64.Build.0 = Debug|Any CPU
		{7974D525-A1C3-4AC1-AADC-C584A4371C65}.Debug|x86.ActiveCfg = Debug|Any CPU
		{7974D525-A1C3-4AC1-AADC-C584A4371C65}.Debug|x86.Build.0 = Debug|Any CPU
		{7974D525-A1C3-4AC1-AADC-C584A4371C65}.Release|Any CPU.ActiveCfg = Release|Any CPU
		{7974D525-A1C3-4AC1-AADC-C584A4371C65}.Release|Any CPU.Build.0 = Release|Any CPU
		{7974D525-A1C3-4AC1-AADC-C584A4371C65}.Release|x64.ActiveCfg = Release|Any CPU
		{7974D525-A1C3-4AC1-AADC-C584A4371C65}.Release|x64.Build.0 = Release|Any CPU
		{7974D525-A1C3-4AC1-AADC-C584A4371C65}.Release|x86.ActiveCfg = Release|Any CPU
		{7974D525-A1C3-4AC1-AADC-C584A4371C65}.Release|x86.Build.0 = Release|Any CPU
		{6B2BBB44-5BD7-0123-7123-F385923C32B5}.Debug|Any CPU.ActiveCfg = Debug|Any CPU
		{6B2BBB44-5BD7-0123-7123-F385923C32B5}.Debug|Any CPU.Build.0 = Debug|Any CPU
		{6B2BBB44-5BD7-0123-7123-F385923C32B5}.Debug|Any CPU.Deploy.0 = Debug|Any CPU
		{6B2BBB44-5BD7-0123-7123-F385923C32B5}.Debug|x64.ActiveCfg = Debug|Any CPU
		{6B2BBB44-5BD7-0123-7123-F385923C32B5}.Debug|x64.Build.0 = Debug|Any CPU
		{6B2BBB44-5BD7-0123-7123-F385923C32B5}.Debug|x64.Deploy.0 = Debug|Any CPU
		{6B2BBB44-5BD7-0123-7123-F385923C32B5}.Debug|x86.ActiveCfg = Debug|Any CPU
		{6B2BBB44-5BD7-0123-7123-F385923C32B5}.Debug|x86.Build.0 = Debug|Any CPU
		{6B2BBB44-5BD7-0123-7123-F385923C32B5}.Debug|x86.Deploy.0 = Debug|Any CPU
		{6B2BBB44-5BD7-0123-7123-F385923C32B5}.Release|Any CPU.ActiveCfg = Release|Any CPU
		{6B2BBB44-5BD7-0123-7123-F385923C32B5}.Release|Any CPU.Build.0 = Release|Any CPU
		{6B2BBB44-5BD7-0123-7123-F385923C32B5}.Release|Any CPU.Deploy.0 = Release|Any CPU
		{6B2BBB44-5BD7-0123-7123-F385923C32B5}.Release|x64.ActiveCfg = Release|Any CPU
		{6B2BBB44-5BD7-0123-7123-F385923C32B5}.Release|x64.Build.0 = Release|Any CPU
		{6B2BBB44-5BD7-0123-7123-F385923C32B5}.Release|x64.Deploy.0 = Release|Any CPU
		{6B2BBB44-5BD7-0123-7123-F385923C32B5}.Release|x86.ActiveCfg = Release|Any CPU
		{6B2BBB44-5BD7-0123-7123-F385923C32B5}.Release|x86.Build.0 = Release|Any CPU
		{6B2BBB44-5BD7-0123-7123-F385923C32B5}.Release|x86.Deploy.0 = Release|Any CPU
	EndGlobalSection
	GlobalSection(SolutionProperties) = preSolution
		HideSolutionNode = FALSE
	EndGlobalSection
	GlobalSection(ExtensibilityGlobals) = postSolution
		SolutionGuid = {593DA2E8-BF53-4658-87EB-67BC8D6E2671}
	EndGlobalSection
EndGlobal
